
Microsoft Visual Studio Solution File, Format Version 12.00
# Visual Studio Version 17
VisualStudioVersion = 17.4.33213.308
MinimumVisualStudioVersion = 10.0.40219.1
Project("{FAE04EC0-301F-11D3-BF4B-00C04F79EFBC}") = "FinalProject", "FinalProject\FinalProject.csproj", "{EDD9DC67-FA39-4780-A454-440BCD657ABC}"
EndProject
Global
	GlobalSection(SolutionConfigurationPlatforms) = preSolution
		Debug|Any CPU = Debug|Any CPU
		Release|Any CPU = Release|Any CPU
	EndGlobalSection
	GlobalSection(ProjectConfigurationPlatforms) = postSolution
		{EDD9DC67-FA39-4780-A454-440BCD657ABC}.Debug|Any CPU.ActiveCfg = Debug|Any CPU
		{EDD9DC67-FA39-4780-A454-440BCD657ABC}.Debug|Any CPU.Build.0 = Debug|Any CPU
		{EDD9DC67-FA39-4780-A454-440BCD657ABC}.Release|Any CPU.ActiveCfg = Release|Any CPU
		{EDD9DC67-FA39-4780-A454-440BCD657ABC}.Release|Any CPU.Build.0 = Release|Any CPU
	EndGlobalSection
	GlobalSection(SolutionProperties) = preSolution
		HideSolutionNode = FALSE
	EndGlobalSection
	GlobalSection(ExtensibilityGlobals) = postSolution
		SolutionGuid = {727BB76F-338A-4319-8F78-3732C05C6D69}
	EndGlobalSection
EndGlobal
